
Microsoft Visual Studio Solution File, Format Version 12.00
# Visual Studio Version 17
VisualStudioVersion = 17.1.32228.430
MinimumVisualStudioVersion = 10.0.40219.1
Project("{FAE04EC0-301F-11D3-BF4B-00C04F79EFBC}") = "Lesson 9 Homework", "Lesson 9 Homework.csproj", "{EA6EE020-6519-4DC6-849B-D16D4C7FEF9A}"
EndProject
Project("{FAE04EC0-301F-11D3-BF4B-00C04F79EFBC}") = "MyClass", "..\MyClass\MyClass.csproj", "{DBFBB6FD-431D-4A80-BB7A-C7AC6676E654}"
EndProject
Global
	GlobalSection(SolutionConfigurationPlatforms) = preSolution
		Debug|Any CPU = Debug|Any CPU
		Release|Any CPU = Release|Any CPU
	EndGlobalSection
	GlobalSection(ProjectConfigurationPlatforms) = postSolution
		{EA6EE020-6519-4DC6-849B-D16D4C7FEF9A}.Debug|Any CPU.ActiveCfg = Debug|Any CPU
		{EA6EE020-6519-4DC6-849B-D16D4C7FEF9A}.Debug|Any CPU.Build.0 = Debug|Any CPU
		{EA6EE020-6519-4DC6-849B-D16D4C7FEF9A}.Release|Any CPU.ActiveCfg = Release|Any CPU
		{EA6EE020-6519-4DC6-849B-D16D4C7FEF9A}.Release|Any CPU.Build.0 = Release|Any CPU
		{DBFBB6FD-431D-4A80-BB7A-C7AC6676E654}.Debug|Any CPU.ActiveCfg = Debug|Any CPU
		{DBFBB6FD-431D-4A80-BB7A-C7AC6676E654}.Debug|Any CPU.Build.0 = Debug|Any CPU
		{DBFBB6FD-431D-4A80-BB7A-C7AC6676E654}.Release|Any CPU.ActiveCfg = Release|Any CPU
		{DBFBB6FD-431D-4A80-BB7A-C7AC6676E654}.Release|Any CPU.Build.0 = Release|Any CPU
	EndGlobalSection
	GlobalSection(SolutionProperties) = preSolution
		HideSolutionNode = FALSE
	EndGlobalSection
	GlobalSection(ExtensibilityGlobals) = postSolution
		SolutionGuid = {30188F60-A9DD-4740-B16D-8254695076C5}
	EndGlobalSection
EndGlobal
